<?xml version="1.0" encoding="utf-8"?>
<Project ToolsVersion="4.0" xmlns="http://schemas.microsoft.com/developer/msbuild/2003">
  <ItemGroup>
    <ClInclude Include="shared.h" />
    <ClInclude Include="Rx3Container.h" />
    <ClInclude Include="commandline.h" />
    <ClInclude Include="ExtractNames.h" />
    <ClInclude Include="errormsg.h" />
    <ClInclude Include="memory.h" />
    <ClInclude Include="rx3utils.h" />
    <ClInclude Include="winheader.h" />
    <ClInclude Include="ExtractTextures.h" />
    <ClInclude Include="D3DDevice.h" />
    <ClInclude Include="D3DInclude.h" />
  </ItemGroup>
  <ItemGroup>
    <ClCompile Include="commandline.cpp" />
    <ClCompile Include="main.cpp" />
    <ClCompile Include="Rx3Container.cpp" />
    <ClCompile Include="rx3export.cpp" />
    <ClCompile Include="shared.cpp" />
    <ClCompile Include="ExtractNames.cpp" />
    <ClCompile Include="errormsg.cpp" />
    <ClCompile Include="memory.cpp" />
    <ClCompile Include="rx3utils.cpp" />
    <ClCompile Include="ExtractTextures.cpp" />
    <ClCompile Include="D3DDevice.cpp" />
    <ClCompile Include="rx3import.cpp" />
  </ItemGroup>
</Project>